
Microsoft Visual Studio Solution File, Format Version 12.00
# Visual Studio 15
VisualStudioVersion = 15.0.27703.2000
MinimumVisualStudioVersion = 10.0.40219.1
Project("{FAE04EC0-301F-11D3-BF4B-00C04F79EFBC}") = "WWSwitcher", "WWSwitcher\WWSwitcher.csproj", "{C63BA471-ED1D-4F2D-8E1A-F1F7CCA689B6}"
EndProject
Global
	GlobalSection(SolutionConfigurationPlatforms) = preSolution
		Debug|Any CPU = Debug|Any CPU
		Release|Any CPU = Release|Any CPU
	EndGlobalSection
	GlobalSection(ProjectConfigurationPlatforms) = postSolution
		{C63BA471-ED1D-4F2D-8E1A-F1F7CCA689B6}.Debug|Any CPU.ActiveCfg = Debug|Any CPU
		{C63BA471-ED1D-4F2D-8E1A-F1F7CCA689B6}.Debug|Any CPU.Build.0 = Debug|Any CPU
		{C63BA471-ED1D-4F2D-8E1A-F1F7CCA689B6}.Release|Any CPU.ActiveCfg = Release|Any CPU
		{C63BA471-ED1D-4F2D-8E1A-F1F7CCA689B6}.Release|Any CPU.Build.0 = Release|Any CPU
	EndGlobalSection
	GlobalSection(SolutionProperties) = preSolution
		HideSolutionNode = FALSE
	EndGlobalSection
	GlobalSection(ExtensibilityGlobals) = postSolution
		SolutionGuid = {22966FF5-3A06-4AC0-9084-33499A716918}
	EndGlobalSection
EndGlobal
